github.com/gorilla/mux v1.8.1 h1:TuBL49tXwgrFYWhqrNgrUNEY92u81SPhu7sTdzQEiWY=
github.com/gorilla/mux v1.8.1/go.mod h1:AKf9I4AEqPTmMytcMc0KkNouC66V3BtZ4qD5fmWSiMQ=
gitlab.utc.fr/lagruesy/ia04 v0.2.1 h1:66y2Iziwo2bWmL42LEEPcgBL7SHtIfWJujstmMXjgI0=
gitlab.utc.fr/lagruesy/ia04 v0.2.1/go.mod h1:C5yrbHcHhTHRq5bnmPafmdWr5SaN5HkiVl2k++pVC80=
